version = 1
revision = 3
requires-python = ">=3.12"
resolution-markers = [
    "python_full_version >= '3.15'",
    "python_full_version < '3.15'",
]

[[package]]
name = "colorama"
version = "0.4.6"
source = { registry = "https://pypi.org/simple" }
sdist = { url = "https://files.pythonhosted.org/packages/d8/53/6f443c9a4a8358a93a6792e2acffb9d9d5cb0a5cfd8802644b7b1c9a02e4/colorama-0.4.6.tar.gz", hash = "sha256:08695f5cb7ed6e0531a20572697297273c47b8cae5a63ffc6d6ed5c201be6e44", size = 27697, upload-time = "2022-10-25T02:36:22.414Z" }
wheels = [
    { url = "https://files.pythonhosted.org/packages/d1/d6/3965ed04c63042e047cb6a3e6ed1a63a35087b6a609aa3a15ed8ac56c221/colorama-0.4.6-py2.py3-none-any.whl", hash = "sha256:4f1d9991f5acc0ca119f9d443620b77f9d6b33703e51011c16baf57afb285fc6", size = 25335, upload-time = "2022-10-25T02:36:20.889Z" },
]

[[package]]
name = "gotemir"
version = "0.0.0"
source = { virtual = "." }

[package.dev-dependencies]
dev = [
    { name = "mypy" },
    { name = "pytest" },
    { name = "pytest-randomly" },
    { name = "ruff" },
]

[package.metadata]

[package.metadata.requires-dev]
dev = [
    { name = "mypy", specifier = "==1.20.2" },
    { name = "pytest", specifier = "==9.0.3" },
    { name = "pytest-randomly", specifier = "==4.1.0" },
    { name = "ruff", specifier = "==0.15.12" },
]

[[package]]
name = "iniconfig"
version = "2.0.0"
source = { registry = "https://pypi.org/simple" }
sdist = { url = "https://files.pythonhosted.org/packages/d7/4b/cbd8e699e64a6f16ca3a8220661b5f83792b3017d0f79807cb8708d33913/iniconfig-2.0.0.tar.gz", hash = "sha256:2d91e135bf72d31a410b17c16da610a82cb55f6b0477d1a902134b24a455b8b3", size = 4646, upload-time = "2023-01-07T11:08:11.254Z" }
wheels = [
    { url = "https://files.pythonhosted.org/packages/ef/a6/62565a6e1cf69e10f5727360368e451d4b7f58beeac6173dc9db836a5b46/iniconfig-2.0.0-py3-none-any.whl", hash = "sha256:b6a85871a79d2e3b22d2d1b94ac2824226a63c6b741c88f7ae975f18b6778374", size = 5892, upload-time = "2023-01-07T11:08:09.864Z" },
]

[[package]]
name = "librt"
version = "0.8.1"
source = { registry = "https://pypi.org/simple" }
sdist = { url = "https://files.pythonhosted.org/packages/56/9c/b4b0c54d84da4a94b37bd44151e46d5e583c9534c7e02250b961b1b6d8a8/librt-0.8.1.tar.gz", hash = "sha256:be46a14693955b3bd96014ccbdb8339ee8c9346fbe11c1b78901b55125f14c73", size = 177471, upload-time = "2026-02-17T16:13:06.101Z" }
wheels = [
    { url = "https://files.pythonhosted.org/packages/95/21/d39b0a87ac52fc98f621fb6f8060efb017a767ebbbac2f99fbcbc9ddc0d7/librt-0.8.1-cp312-cp312-macosx_10_13_x86_64.whl", hash = "sha256:a28f2612ab566b17f3698b0da021ff9960610301607c9a5e8eaca62f5e1c350a", size = 66516, upload-time = "2026-02-17T16:11:41.604Z" },
    { url = "https://files.pythonhosted.org/packages/69/f1/46375e71441c43e8ae335905e069f1c54febee63a146278bcee8782c84fd/librt-0.8.1-cp312-cp312-macosx_11_0_arm64.whl", hash = "sha256:60a78b694c9aee2a0f1aaeaa7d101cf713e92e8423a941d2897f4fa37908dab9", size = 68634, upload-time = "2026-02-17T16:11:43.268Z" },
    { url = "https://files.pythonhosted.org/packages/0a/33/c510de7f93bf1fa19e13423a606d8189a02624a800710f6e6a0a0f0784b3/librt-0.8.1-cp312-cp312-manylinux1_i686.manylinux_2_28_i686.manylinux_2_5_i686.whl", hash = "sha256:758509ea3f1eba2a57558e7e98f4659d0ea7670bff49673b0dde18a3c7e6c0eb", size = 198941, upload-time = "2026-02-17T16:11:44.28Z" },
    { url = "https://files.pythonhosted.org/packages/dd/36/e725903416409a533d92398e88ce665476f275081d0d7d42f9c4951999e5/librt-0.8.1-cp312-cp312-manylinux2014_aarch64.manylinux_2_17_aarch64.manylinux_2_28_aarch64.whl", hash = "sha256:039b9f2c506bd0ab0f8725aa5ba339c6f0cd19d3b514b50d134789809c24285d", size = 209991, upload-time = "2026-02-17T16:11:45.462Z" },
    { url = "https://files.pythonhosted.org/packages/30/7a/8d908a152e1875c9f8eac96c97a480df425e657cdb47854b9efaa4998889/librt-0.8.1-cp312-cp312-manylinux2014_x86_64.manylinux_2_17_x86_64.manylinux_2_28_x86_64.whl", hash = "sha256:5bb54f1205a3a6ab41a6fd71dfcdcbd278670d3a90ca502a30d9da583105b6f7", size = 224476, upload-time = "2026-02-17T16:11:46.542Z" },
    { url = "https://files.pythonhosted.org/packages/a8/b8/a22c34f2c485b8903a06f3fe3315341fe6876ef3599792344669db98fcff/librt-0.8.1-cp312-cp312-manylinux_2_31_riscv64.manylinux_2_39_riscv64.whl", hash = "sha256:05bd41cdee35b0c59c259f870f6da532a2c5ca57db95b5f23689fcb5c9e42440", size = 217518, upload-time = "2026-02-17T16:11:47.746Z" },
    { url = "https://files.pythonhosted.org/packages/79/6f/5c6fea00357e4f82ba44f81dbfb027921f1ab10e320d4a64e1c408d035d9/librt-0.8.1-cp312-cp312-musllinux_1_2_aarch64.whl", hash = "sha256:adfab487facf03f0d0857b8710cf82d0704a309d8ffc33b03d9302b4c64e91a9", size = 225116, upload-time = "2026-02-17T16:11:49.298Z" },
    { url = "https://files.pythonhosted.org/packages/f2/a0/95ced4e7b1267fe1e2720a111685bcddf0e781f7e9e0ce59d751c44dcfe5/librt-0.8.1-cp312-cp312-musllinux_1_2_i686.whl", hash = "sha256:153188fe98a72f206042be10a2c6026139852805215ed9539186312d50a8e972", size = 217751, upload-time = "2026-02-17T16:11:50.49Z" },
    { url = "https://files.pythonhosted.org/packages/93/c2/0517281cb4d4101c27ab59472924e67f55e375bc46bedae94ac6dc6e1902/librt-0.8.1-cp312-cp312-musllinux_1_2_riscv64.whl", hash = "sha256:dd3c41254ee98604b08bd5b3af5bf0a89740d4ee0711de95b65166bf44091921", size = 218378, upload-time = "2026-02-17T16:11:51.783Z" },
    { url = "https://files.pythonhosted.org/packages/43/e8/37b3ac108e8976888e559a7b227d0ceac03c384cfd3e7a1c2ee248dbae79/librt-0.8.1-cp312-cp312-musllinux_1_2_x86_64.whl", hash = "sha256:e0d138c7ae532908cbb342162b2611dbd4d90c941cd25ab82084aaf71d2c0bd0", size = 241199, upload-time = "2026-02-17T16:11:53.561Z" },
    { url = "https://files.pythonhosted.org/packages/4b/5b/35812d041c53967fedf551a39399271bbe4257e681236a2cf1a69c8e7fa1/librt-0.8.1-cp312-cp312-win32.whl", hash = "sha256:43353b943613c5d9c49a25aaffdba46f888ec354e71e3529a00cca3f04d66a7a", size = 54917, upload-time = "2026-02-17T16:11:54.758Z" },
    { url = "https://files.pythonhosted.org/packages/de/d1/fa5d5331b862b9775aaf2a100f5ef86854e5d4407f71bddf102f4421e034/librt-0.8.1-cp312-cp312-win_amd64.whl", hash = "sha256:ff8baf1f8d3f4b6b7257fcb75a501f2a5499d0dda57645baa09d4d0d34b19444", size = 62017, upload-time = "2026-02-17T16:11:55.748Z" },
    { url = "https://files.pythonhosted.org/packages/c7/7c/c614252f9acda59b01a66e2ddfd243ed1c7e1deab0293332dfbccf862808/librt-0.8.1-cp312-cp312-win_arm64.whl", hash = "sha256:0f2ae3725904f7377e11cc37722d5d401e8b3d5851fb9273d7f4fe04f6b3d37d", size = 52441, upload-time = "2026-02-17T16:11:56.801Z" },
    { url = "https://files.pythonhosted.org/packages/c5/3c/f614c8e4eaac7cbf2bbdf9528790b21d89e277ee20d57dc6e559c626105f/librt-0.8.1-cp313-cp313-macosx_10_13_x86_64.whl", hash = "sha256:7e6bad1cd94f6764e1e21950542f818a09316645337fd5ab9a7acc45d99a8f35", size = 66529, upload-time = "2026-02-17T16:11:57.809Z" },
    { url = "https://files.pythonhosted.org/packages/ab/96/5836544a45100ae411eda07d29e3d99448e5258b6e9c8059deb92945f5c2/librt-0.8.1-cp313-cp313-macosx_11_0_arm64.whl", hash = "sha256:cf450f498c30af55551ba4f66b9123b7185362ec8b625a773b3d39aa1a717583", size = 68669, upload-time = "2026-02-17T16:11:58.843Z" },
    { url = "https://files.pythonhosted.org/packages/06/53/f0b992b57af6d5531bf4677d75c44f095f2366a1741fb695ee462ae04b05/librt-0.8.1-cp313-cp313-manylinux1_i686.manylinux_2_28_i686.manylinux_2_5_i686.whl", hash = "sha256:eca45e982fa074090057132e30585a7e8674e9e885d402eae85633e9f449ce6c", size = 199279, upload-time = "2026-02-17T16:11:59.862Z" },
    { url = "https://files.pythonhosted.org/packages/f3/ad/4848cc16e268d14280d8168aee4f31cea92bbd2b79ce33d3e166f2b4e4fc/librt-0.8.1-cp313-cp313-manylinux2014_aarch64.manylinux_2_17_aarch64.manylinux_2_28_aarch64.whl", hash = "sha256:0c3811485fccfda840861905b8c70bba5ec094e02825598bb9d4ca3936857a04", size = 210288, upload-time = "2026-02-17T16:12:00.954Z" },
    { url = "https://files.pythonhosted.org/packages/52/05/27fdc2e95de26273d83b96742d8d3b7345f2ea2bdbd2405cc504644f2096/librt-0.8.1-cp313-cp313-manylinux2014_x86_64.manylinux_2_17_x86_64.manylinux_2_28_x86_64.whl", hash = "sha256:5e4af413908f77294605e28cfd98063f54b2c790561383971d2f52d113d9c363", size = 224809, upload-time = "2026-02-17T16:12:02.108Z" },
    { url = "https://files.pythonhosted.org/packages/7a/d0/78200a45ba3240cb042bc597d6f2accba9193a2c57d0356268cbbe2d0925/librt-0.8.1-cp313-cp313-manylinux_2_31_riscv64.manylinux_2_39_riscv64.whl", hash = "sha256:5212a5bd7fae98dae95710032902edcd2ec4dc994e883294f75c857b83f9aba0", size = 218075, upload-time = "2026-02-17T16:12:03.631Z" },
    { url = "https://files.pythonhosted.org/packages/af/72/a210839fa74c90474897124c064ffca07f8d4b347b6574d309686aae7ca6/librt-0.8.1-cp313-cp313-musllinux_1_2_aarch64.whl", hash = "sha256:e692aa2d1d604e6ca12d35e51fdc36f4cda6345e28e36374579f7ef3611b3012", size = 225486, upload-time = "2026-02-17T16:12:04.725Z" },
    { url = "https://files.pythonhosted.org/packages/a3/c1/a03cc63722339ddbf087485f253493e2b013039f5b707e8e6016141130fa/librt-0.8.1-cp313-cp313-musllinux_1_2_i686.whl", hash = "sha256:4be2a5c926b9770c9e08e717f05737a269b9d0ebc5d2f0060f0fe3fe9ce47acb", size = 218219, upload-time = "2026-02-17T16:12:05.828Z" },
    { url = "https://files.pythonhosted.org/packages/58/f5/fff6108af0acf941c6f274a946aea0e484bd10cd2dc37610287ce49388c5/librt-0.8.1-cp313-cp313-musllinux_1_2_riscv64.whl", hash = "sha256:fd1a720332ea335ceb544cf0a03f81df92abd4bb887679fd1e460976b0e6214b", size = 218750, upload-time = "2026-02-17T16:12:07.09Z" },
    { url = "https://files.pythonhosted.org/packages/71/67/5a387bfef30ec1e4b4f30562c8586566faf87e47d696768c19feb49e3646/librt-0.8.1-cp313-cp313-musllinux_1_2_x86_64.whl", hash = "sha256:93c2af9e01e0ef80d95ae3c720be101227edae5f2fe7e3dc63d8857fadfc5a1d", size = 241624, upload-time = "2026-02-17T16:12:08.43Z" },
    { url = "https://files.pythonhosted.org/packages/d4/be/24f8502db11d405232ac1162eb98069ca49c3306c1d75c6ccc61d9af8789/librt-0.8.1-cp313-cp313-win32.whl", hash = "sha256:086a32dbb71336627e78cc1d6ee305a68d038ef7d4c39aaff41ae8c9aa46e91a", size = 54969, upload-time = "2026-02-17T16:12:09.633Z" },
    { url = "https://files.pythonhosted.org/packages/5c/73/c9fdf6cb2a529c1a092ce769a12d88c8cca991194dfe641b6af12fa964d2/librt-0.8.1-cp313-cp313-win_amd64.whl", hash = "sha256:e11769a1dbda4da7b00a76cfffa67aa47cfa66921d2724539eee4b9ede780b79", size = 62000, upload-time = "2026-02-17T16:12:10.632Z" },
    { url = "https://files.pythonhosted.org/packages/d3/97/68f80ca3ac4924f250cdfa6e20142a803e5e50fca96ef5148c52ee8c10ea/librt-0.8.1-cp313-cp313-win_arm64.whl", hash = "sha256:924817ab3141aca17893386ee13261f1d100d1ef410d70afe4389f2359fea4f0", size = 52495, upload-time = "2026-02-17T16:12:11.633Z" },
    { url = "https://files.pythonhosted.org/packages/c9/6a/907ef6800f7bca71b525a05f1839b21f708c09043b1c6aa77b6b827b3996/librt-0.8.1-cp314-cp314-macosx_10_13_x86_64.whl", hash = "sha256:6cfa7fe54fd4d1f47130017351a959fe5804bda7a0bc7e07a2cdbc3fdd28d34f", size = 66081, upload-time = "2026-02-17T16:12:12.766Z" },
    { url = "https://files.pythonhosted.org/packages/1b/18/25e991cd5640c9fb0f8d91b18797b29066b792f17bf8493da183bf5caabe/librt-0.8.1-cp314-cp314-macosx_11_0_arm64.whl", hash = "sha256:228c2409c079f8c11fb2e5d7b277077f694cb93443eb760e00b3b83cb8b3176c", size = 68309, upload-time = "2026-02-17T16:12:13.756Z" },
    { url = "https://files.pythonhosted.org/packages/a4/36/46820d03f058cfb5a9de5940640ba03165ed8aded69e0733c417bb04df34/librt-0.8.1-cp314-cp314-manylinux1_i686.manylinux_2_28_i686.manylinux_2_5_i686.whl", hash = "sha256:7aae78ab5e3206181780e56912d1b9bb9f90a7249ce12f0e8bf531d0462dd0fc", size = 196804, upload-time = "2026-02-17T16:12:14.818Z" },
    { url = "https://files.pythonhosted.org/packages/59/18/5dd0d3b87b8ff9c061849fbdb347758d1f724b9a82241aa908e0ec54ccd0/librt-0.8.1-cp314-cp314-manylinux2014_aarch64.manylinux_2_17_aarch64.manylinux_2_28_aarch64.whl", hash = "sha256:172d57ec04346b047ca6af181e1ea4858086c80bdf455f61994c4aa6fc3f866c", size = 206907, upload-time = "2026-02-17T16:12:16.513Z" },
    { url = "https://files.pythonhosted.org/packages/d1/96/ef04902aad1424fd7299b62d1890e803e6ab4018c3044dca5922319c4b97/librt-0.8.1-cp314-cp314-manylinux2014_x86_64.manylinux_2_17_x86_64.manylinux_2_28_x86_64.whl", hash = "sha256:6b1977c4ea97ce5eb7755a78fae68d87e4102e4aaf54985e8b56806849cc06a3", size = 221217, upload-time = "2026-02-17T16:12:17.906Z" },
    { url = "https://files.pythonhosted.org/packages/6d/ff/7e01f2dda84a8f5d280637a2e5827210a8acca9a567a54507ef1c75b342d/librt-0.8.1-cp314-cp314-manylinux_2_31_riscv64.manylinux_2_39_riscv64.whl", hash = "sha256:10c42e1f6fd06733ef65ae7bebce2872bcafd8d6e6b0a08fe0a05a23b044fb14", size = 214622, upload-time = "2026-02-17T16:12:19.108Z" },
    { url = "https://files.pythonhosted.org/packages/1e/8c/5b093d08a13946034fed57619742f790faf77058558b14ca36a6e331161e/librt-0.8.1-cp314-cp314-musllinux_1_2_aarch64.whl", hash = "sha256:4c8dfa264b9193c4ee19113c985c95f876fae5e51f731494fc4e0cf594990ba7", size = 221987, upload-time = "2026-02-17T16:12:20.331Z" },
    { url = "https://files.pythonhosted.org/packages/d3/cc/86b0b3b151d40920ad45a94ce0171dec1aebba8a9d72bb3fa00c73ab25dd/librt-0.8.1-cp314-cp314-musllinux_1_2_i686.whl", hash = "sha256:01170b6729a438f0dedc4a26ed342e3dc4f02d1000b4b19f980e1877f0c297e6", size = 215132, upload-time = "2026-02-17T16:12:21.54Z" },
    { url = "https://files.pythonhosted.org/packages/fc/be/8588164a46edf1e69858d952654e216a9a91174688eeefb9efbb38a9c799/librt-0.8.1-cp314-cp314-musllinux_1_2_riscv64.whl", hash = "sha256:7b02679a0d783bdae30d443025b94465d8c3dc512f32f5b5031f93f57ac32071", size = 215195, upload-time = "2026-02-17T16:12:23.073Z" },
    { url = "https://files.pythonhosted.org/packages/f5/f2/0b9279bea735c734d69344ecfe056c1ba211694a72df10f568745c899c76/librt-0.8.1-cp314-cp314-musllinux_1_2_x86_64.whl", hash = "sha256:190b109bb69592a3401fe1ffdea41a2e73370ace2ffdc4a0e8e2b39cdea81b78", size = 237946, upload-time = "2026-02-17T16:12:24.275Z" },
    { url = "https://files.pythonhosted.org/packages/e9/cc/5f2a34fbc8aeb35314a3641f9956fa9051a947424652fad9882be7a97949/librt-0.8.1-cp314-cp314-win32.whl", hash = "sha256:e70a57ecf89a0f64c24e37f38d3fe217a58169d2fe6ed6d70554964042474023", size = 50689, upload-time = "2026-02-17T16:12:25.766Z" },
    { url = "https://files.pythonhosted.org/packages/a0/76/cd4d010ab2147339ca2b93e959c3686e964edc6de66ddacc935c325883d7/librt-0.8.1-cp314-cp314-win_amd64.whl", hash = "sha256:7e2f3edca35664499fbb36e4770650c4bd4a08abc1f4458eab9df4ec56389730", size = 57875, upload-time = "2026-02-17T16:12:27.465Z" },
    { url = "https://files.pythonhosted.org/packages/84/0f/2143cb3c3ca48bd3379dcd11817163ca50781927c4537345d608b5045998/librt-0.8.1-cp314-cp314-win_arm64.whl", hash = "sha256:0d2f82168e55ddefd27c01c654ce52379c0750ddc31ee86b4b266bcf4d65f2a3", size = 48058, upload-time = "2026-02-17T16:12:28.556Z" },
    { url = "https://files.pythonhosted.org/packages/d2/0e/9b23a87e37baf00311c3efe6b48d6b6c168c29902dfc3f04c338372fd7db/librt-0.8.1-cp314-cp314t-macosx_10_13_x86_64.whl", hash = "sha256:2c74a2da57a094bd48d03fa5d196da83d2815678385d2978657499063709abe1", size = 68313, upload-time = "2026-02-17T16:12:29.659Z" },
    { url = "https://files.pythonhosted.org/packages/db/9a/859c41e5a4f1c84200a7d2b92f586aa27133c8243b6cac9926f6e54d01b9/librt-0.8.1-cp314-cp314t-macosx_11_0_arm64.whl", hash = "sha256:a355d99c4c0d8e5b770313b8b247411ed40949ca44e33e46a4789b9293a907ee", size = 70994, upload-time = "2026-02-17T16:12:31.516Z" },
    { url = "https://files.pythonhosted.org/packages/4c/28/10605366ee599ed34223ac2bf66404c6fb59399f47108215d16d5ad751a8/librt-0.8.1-cp314-cp314t-manylinux1_i686.manylinux_2_28_i686.manylinux_2_5_i686.whl", hash = "sha256:2eb345e8b33fb748227409c9f1233d4df354d6e54091f0e8fc53acdb2ffedeb7", size = 220770, upload-time = "2026-02-17T16:12:33.294Z" },
    { url = "https://files.pythonhosted.org/packages/af/8d/16ed8fd452dafae9c48d17a6bc1ee3e818fd40ef718d149a8eff2c9f4ea2/librt-0.8.1-cp314-cp314t-manylinux2014_aarch64.manylinux_2_17_aarch64.manylinux_2_28_aarch64.whl", hash = "sha256:9be2f15e53ce4e83cc08adc29b26fb5978db62ef2a366fbdf716c8a6c8901040", size = 235409, upload-time = "2026-02-17T16:12:35.443Z" },
    { url = "https://files.pythonhosted.org/packages/89/1b/7bdf3e49349c134b25db816e4a3db6b94a47ac69d7d46b1e682c2c4949be/librt-0.8.1-cp314-cp314t-manylinux2014_x86_64.manylinux_2_17_x86_64.manylinux_2_28_x86_64.whl", hash = "sha256:785ae29c1f5c6e7c2cde2c7c0e148147f4503da3abc5d44d482068da5322fd9e", size = 246473, upload-time = "2026-02-17T16:12:36.656Z" },
    { url = "https://files.pythonhosted.org/packages/4e/8a/91fab8e4fd2a24930a17188c7af5380eb27b203d72101c9cc000dbdfd95a/librt-0.8.1-cp314-cp314t-manylinux_2_31_riscv64.manylinux_2_39_riscv64.whl", hash = "sha256:1d3a7da44baf692f0c6aeb5b2a09c5e6fc7a703bca9ffa337ddd2e2da53f7732", size = 238866, upload-time = "2026-02-17T16:12:37.849Z" },
    { url = "https://files.pythonhosted.org/packages/b9/e0/c45a098843fc7c07e18a7f8a24ca8496aecbf7bdcd54980c6ca1aaa79a8e/librt-0.8.1-cp314-cp314t-musllinux_1_2_aarch64.whl", hash = "sha256:5fc48998000cbc39ec0d5311312dda93ecf92b39aaf184c5e817d5d440b29624", size = 250248, upload-time = "2026-02-17T16:12:39.445Z" },
    { url = "https://files.pythonhosted.org/packages/82/30/07627de23036640c952cce0c1fe78972e77d7d2f8fd54fa5ef4554ff4a56/librt-0.8.1-cp314-cp314t-musllinux_1_2_i686.whl", hash = "sha256:e96baa6820280077a78244b2e06e416480ed859bbd8e5d641cf5742919d8beb4", size = 240629, upload-time = "2026-02-17T16:12:40.889Z" },
    { url = "https://files.pythonhosted.org/packages/fb/c1/55bfe1ee3542eba055616f9098eaf6eddb966efb0ca0f44eaa4aba327307/librt-0.8.1-cp314-cp314t-musllinux_1_2_riscv64.whl", hash = "sha256:31362dbfe297b23590530007062c32c6f6176f6099646bb2c95ab1b00a57c382", size = 239615, upload-time = "2026-02-17T16:12:42.446Z" },
    { url = "https://files.pythonhosted.org/packages/2b/39/191d3d28abc26c9099b19852e6c99f7f6d400b82fa5a4e80291bd3803e19/librt-0.8.1-cp314-cp314t-musllinux_1_2_x86_64.whl", hash = "sha256:cc3656283d11540ab0ea01978378e73e10002145117055e03722417aeab30994", size = 263001, upload-time = "2026-02-17T16:12:43.627Z" },
    { url = "https://files.pythonhosted.org/packages/b9/eb/7697f60fbe7042ab4e88f4ee6af496b7f222fffb0a4e3593ef1f29f81652/librt-0.8.1-cp314-cp314t-win32.whl", hash = "sha256:738f08021b3142c2918c03692608baed43bc51144c29e35807682f8070ee2a3a", size = 51328, upload-time = "2026-02-17T16:12:45.148Z" },
    { url = "https://files.pythonhosted.org/packages/7c/72/34bf2eb7a15414a23e5e70ecb9440c1d3179f393d9349338a91e2781c0fb/librt-0.8.1-cp314-cp314t-win_amd64.whl", hash = "sha256:89815a22daf9c51884fb5dbe4f1ef65ee6a146e0b6a8df05f753e2e4a9359bf4", size = 58722, upload-time = "2026-02-17T16:12:46.85Z" },
    { url = "https://files.pythonhosted.org/packages/b2/c8/d148e041732d631fc76036f8b30fae4e77b027a1e95b7a84bb522481a940/librt-0.8.1-cp314-cp314t-win_arm64.whl", hash = "sha256:bf512a71a23504ed08103a13c941f763db13fb11177beb3d9244c98c29fb4a61", size = 48755, upload-time = "2026-02-17T16:12:47.943Z" },
]

[[package]]
name = "mypy"
version = "1.20.2"
source = { registry = "https://pypi.org/simple" }
dependencies = [
    { name = "librt", marker = "platform_python_implementation != 'PyPy'" },
    { name = "mypy-extensions" },
    { name = "pathspec" },
    { name = "typing-extensions", version = "4.12.2", source = { registry = "https://pypi.org/simple" }, marker = "python_full_version < '3.15'" },
    { name = "typing-extensions", version = "4.15.0", source = { registry = "https://pypi.org/simple" }, marker = "python_full_version >= '3.15'" },
]
sdist = { url = "https://files.pythonhosted.org/packages/04/af/e3d4b3e9ec91a0ff9aabfdb38692952acf49bbb899c2e4c29acb3a6da3ae/mypy-1.20.2.tar.gz", hash = "sha256:e8222c26daaafd9e8626dec58ae36029f82585890589576f769a650dd20fd665", size = 3817349, upload-time = "2026-04-21T17:12:28.473Z" }
wheels = [
    { url = "https://files.pythonhosted.org/packages/71/4e/7560e4528db9e9b147e4c0f22660466bf30a0a1fe3d63d1b9d3b0fd354ee/mypy-1.20.2-cp312-cp312-macosx_10_13_x86_64.whl", hash = "sha256:4dbfcf869f6b0517f70cf0030ba6ea1d6645e132337a7d5204a18d8d5636c02b", size = 14539393, upload-time = "2026-04-21T17:07:12.52Z" },
    { url = "https://files.pythonhosted.org/packages/32/d9/34a5efed8124f5a9234f55ac6a4ced4201e2c5b81e1109c49ad23190ec8c/mypy-1.20.2-cp312-cp312-macosx_11_0_arm64.whl", hash = "sha256:4b6481b228d072315b053210b01ac320e1be243dc17f9e5887ef167f23f5fae4", size = 13361642, upload-time = "2026-04-21T17:06:53.742Z" },
    { url = "https://files.pythonhosted.org/packages/d1/14/eb377acf78c03c92d566a1510cda8137348215b5335085ef662ab82ecd3a/mypy-1.20.2-cp312-cp312-manylinux2014_aarch64.manylinux_2_17_aarch64.manylinux_2_28_aarch64.whl", hash = "sha256:34397cdced6b90b836e38182076049fdb41424322e0b0728c946b0939ebdf9f6", size = 13740347, upload-time = "2026-04-21T17:12:04.73Z" },
    { url = "https://files.pythonhosted.org/packages/b9/94/7e4634a32b641aa1c112422eed1bbece61ee16205f674190e8b536f884de/mypy-1.20.2-cp312-cp312-manylinux2014_x86_64.manylinux_2_17_x86_64.manylinux_2_28_x86_64.whl", hash = "sha256:a5da6976f20cae27059ea8d0c86e7cef3de720e04c4bb9ee18e3690fdb792066", size = 14734042, upload-time = "2026-04-21T17:07:43.16Z" },
    { url = "https://files.pythonhosted.org/packages/7a/f3/f7e62395cb7f434541b4491a01149a4439e28ace4c0c632bbf5431e92d1f/mypy-1.20.2-cp312-cp312-musllinux_1_2_x86_64.whl", hash = "sha256:56908d7e08318d39f85b1f0c6cfd47b0cac1a130da677630dac0de3e0623e102", size = 14964958, upload-time = "2026-04-21T17:11:00.665Z" },
    { url = "https://files.pythonhosted.org/packages/3e/0d/47e3c3a0ec2a876e35aeac365df3cac7776c36bbd4ed18cc521e1b9d255b/mypy-1.20.2-cp312-cp312-win_amd64.whl", hash = "sha256:d52ad8d78522da1d308789df651ee5379088e77c76cb1994858d40a426b343b9", size = 10911340, upload-time = "2026-04-21T17:10:49.179Z" },
    { url = "https://files.pythonhosted.org/packages/d6/b2/6c852d72e0ea8b01f49da817fb52539993cde327e7d010e0103dc12d0dac/mypy-1.20.2-cp312-cp312-win_arm64.whl", hash = "sha256:785b08db19c9f214dc37d65f7c165d19a30fcecb48abfa30f31b01b5acaabb58", size = 9833947, upload-time = "2026-04-21T17:09:05.267Z" },
    { url = "https://files.pythonhosted.org/packages/5b/c4/b93812d3a192c9bcf5df405bd2f30277cd0e48106a14d1023c7f6ed6e39b/mypy-1.20.2-cp313-cp313-macosx_10_13_x86_64.whl", hash = "sha256:edfbfca868cdd6bd8d974a60f8a3682f5565d3f5c99b327640cedd24c4264026", size = 14524670, upload-time = "2026-04-21T17:10:30.737Z" },
    { url = "https://files.pythonhosted.org/packages/f3/47/42c122501bff18eaf1e8f457f5c017933452d8acdc52918a9f59f6812955/mypy-1.20.2-cp313-cp313-macosx_11_0_arm64.whl", hash = "sha256:e2877a02380adfcdbc69071a0f74d6e9dbbf593c0dc9d174e1f223ffd5281943", size = 13336218, upload-time = "2026-04-21T17:08:44.069Z" },
    { url = "https://files.pythonhosted.org/packages/92/8f/75bbc92f41725fbd585fb17b440b1119b576105df1013622983e18640a93/mypy-1.20.2-cp313-cp313-manylinux2014_aarch64.manylinux_2_17_aarch64.manylinux_2_28_aarch64.whl", hash = "sha256:7488448de6007cd5177c6cea0517ac33b4c0f5ee9b5e9f2be51ce75511a85517", size = 13724906, upload-time = "2026-04-21T17:08:01.02Z" },
    { url = "https://files.pythonhosted.org/packages/a1/32/4c49da27a606167391ff0c39aa955707a00edc500572e562f7c36c08a71f/mypy-1.20.2-cp313-cp313-manylinux2014_x86_64.manylinux_2_17_x86_64.manylinux_2_28_x86_64.whl", hash = "sha256:bb9c2fa06887e21d6a3a868762acb82aec34e2c6fd0174064f27c93ede68ad15", size = 14726046, upload-time = "2026-04-21T17:11:22.354Z" },
    { url = "https://files.pythonhosted.org/packages/7f/fc/4e354a1bd70216359deb0c9c54847ee6b32ef78dfb09f5131ff99b494078/mypy-1.20.2-cp313-cp313-musllinux_1_2_x86_64.whl", hash = "sha256:9d56a78b646f2e3daa865bc70cd5ec5a46c50045801ca8ff17a0c43abc97e3ee", size = 14955587, upload-time = "2026-04-21T17:12:16.033Z" },
    { url = "https://files.pythonhosted.org/packages/62/b2/c0f2056e9eb8f08c62cafd9715e4584b89132bdc832fcf85d27d07b5f3e5/mypy-1.20.2-cp313-cp313-win_amd64.whl", hash = "sha256:2a4102b03bb7481d9a91a6da8d174740c9c8c4401024684b9ca3b7cc5e49852f", size = 10922681, upload-time = "2026-04-21T17:06:35.842Z" },
    { url = "https://files.pythonhosted.org/packages/e5/14/065e333721f05de8ef683d0aa804c23026bcc287446b61cac657b902ccac/mypy-1.20.2-cp313-cp313-win_arm64.whl", hash = "sha256:a95a9248b0c6fd933a442c03c3b113c3b61320086b88e2c444676d3fd1ca3330", size = 9830560, upload-time = "2026-04-21T17:07:51.023Z" },
    { url = "https://files.pythonhosted.org/packages/ae/d1/b4ec96b0ecc620a4443570c6e95c867903428cfcde4206518eafdd5880c3/mypy-1.20.2-cp314-cp314-macosx_10_15_x86_64.whl", hash = "sha256:419413398fe250aae057fd2fe50166b61077083c9b82754c341cf4fd73038f30", size = 14524561, upload-time = "2026-04-21T17:06:27.325Z" },
    { url = "https://files.pythonhosted.org/packages/3a/63/d2c2ff4fa66bc49477d32dfa26e8a167ba803ea6a69c5efb416036909d30/mypy-1.20.2-cp314-cp314-macosx_11_0_arm64.whl", hash = "sha256:e73c07f23009962885c197ccb9b41356a30cc0e5a1d0c2ea8fd8fb1362d7f924", size = 13363883, upload-time = "2026-04-21T17:11:11.239Z" },
    { url = "https://files.pythonhosted.org/packages/2a/56/983916806bf4eddeaaa2c9230903c3669c6718552a921154e1c5182c701f/mypy-1.20.2-cp314-cp314-manylinux2014_aarch64.manylinux_2_17_aarch64.manylinux_2_28_aarch64.whl", hash = "sha256:0c64e5973df366b747646fc98da921f9d6eba9716d57d1db94a83c026a08e0fb", size = 13742945, upload-time = "2026-04-21T17:08:34.181Z" },
    { url = "https://files.pythonhosted.org/packages/19/65/0cd9285ab010ee8214c83d67c6b49417c40d86ce46f1aa109457b5a9b8d7/mypy-1.20.2-cp314-cp314-manylinux2014_x86_64.manylinux_2_17_x86_64.manylinux_2_28_x86_64.whl", hash = "sha256:5a65aa591af023864fd08a97da9974e919452cfe19cb146c8a5dc692626445dc", size = 14706163, upload-time = "2026-04-21T17:05:15.51Z" },
    { url = "https://files.pythonhosted.org/packages/94/97/48ff3b297cafcc94d185243a9190836fb1b01c1b0918fff64e941e973cc9/mypy-1.20.2-cp314-cp314-musllinux_1_2_x86_64.whl", hash = "sha256:4fef51b01e638974a6e69885687e9bd40c8d1e09a6cd291cca0619625cf1f558", size = 14938677, upload-time = "2026-04-21T17:05:39.562Z" },
    { url = "https://files.pythonhosted.org/packages/fd/a1/1b4233d255bdd0b38a1f284feeb1c143ca508c19184964e22f8d837ec851/mypy-1.20.2-cp314-cp314-win_amd64.whl", hash = "sha256:913485a03f1bcf5d279409a9d2b9ed565c151f61c09f29991e5faa14033da4c8", size = 11089322, upload-time = "2026-04-21T17:06:44.29Z" },
    { url = "https://files.pythonhosted.org/packages/78/c2/ce7ee2ba36aeb954ba50f18fa25d9c1188578654b97d02a66a15b6f09531/mypy-1.20.2-cp314-cp314-win_arm64.whl", hash = "sha256:c3bae4f855d965b5453784300c12ffc63a548304ac7f99e55d4dc7c898673aa3", size = 10017775, upload-time = "2026-04-21T17:07:20.732Z" },
    { url = "https://files.pythonhosted.org/packages/4e/a1/9d93a7d0b5859af0ead82b4888b46df6c8797e1bc5e1e262a08518c6d48e/mypy-1.20.2-cp314-cp314t-macosx_10_15_x86_64.whl", hash = "sha256:2de3dcea53babc1c3237a19002bc3d228ce1833278f093b8d619e06e7cc79609", size = 15549002, upload-time = "2026-04-21T17:08:23.107Z" },
    { url = "https://files.pythonhosted.org/packages/00/d2/09a6a10ee1bf0008f6c144d9676f2ca6a12512151b4e0ad0ff6c4fac5337/mypy-1.20.2-cp314-cp314t-macosx_11_0_arm64.whl", hash = "sha256:52b176444e2e5054dfcbcb8c75b0b719865c96247b37407184bbfca5c353f2c2", size = 14401942, upload-time = "2026-04-21T17:07:31.837Z" },
    { url = "https://files.pythonhosted.org/packages/57/da/9594b75c3c019e805250bed3583bdf4443ff9e6ef08f97e39ae308cb06f2/mypy-1.20.2-cp314-cp314t-manylinux2014_aarch64.manylinux_2_17_aarch64.manylinux_2_28_aarch64.whl", hash = "sha256:688c3312e5dadb573a2c69c82af3a298d43ecf9e6d264e0f95df960b5f6ac19c", size = 15041649, upload-time = "2026-04-21T17:09:34.653Z" },
    { url = "https://files.pythonhosted.org/packages/97/77/f75a65c278e6e8eba2071f7f5a90481891053ecc39878cc444634d892abe/mypy-1.20.2-cp314-cp314t-manylinux2014_x86_64.manylinux_2_17_x86_64.manylinux_2_28_x86_64.whl", hash = "sha256:29752dbbf8cc53f89f6ac096d363314333045c257c9c75cbd189ca2de0455744", size = 15864588, upload-time = "2026-04-21T17:11:44.936Z" },
    { url = "https://files.pythonhosted.org/packages/d7/46/1a4e1c66e96c1a3246ddf5403d122ac9b0a8d2b7e65730b9d6533ba7a6d3/mypy-1.20.2-cp314-cp314t-musllinux_1_2_x86_64.whl", hash = "sha256:803203d2b6ea644982c644895c2f78b28d0e208bba7b27d9b921e0ec5eb207c6", size = 16093956, upload-time = "2026-04-21T17:10:17.683Z" },
    { url = "https://files.pythonhosted.org/packages/5a/2c/78a8851264dec38cd736ca5b8bc9380674df0dd0be7792f538916157716c/mypy-1.20.2-cp314-cp314t-win_amd64.whl", hash = "sha256:9bcb8aa397ff0093c824182fd76a935a9ba7ad097fcbef80ae89bf6c1731d8ec", size = 12568661, upload-time = "2026-04-21T17:11:54.473Z" },
    { url = "https://files.pythonhosted.org/packages/83/01/cd7318aa03493322ce275a0e14f4f52b8896335e4e79d4fb8153a7ad2b77/mypy-1.20.2-cp314-cp314t-win_arm64.whl", hash = "sha256:e061b58443f1736f8a37c48978d7ab581636d6ab03e3d4f99e3fa90463bb9382", size = 10389240, upload-time = "2026-04-21T17:09:42.719Z" },
    { url = "https://files.pythonhosted.org/packages/28/9a/f23c163e25b11074188251b0b5a0342625fc1cdb6af604757174fa9acc9b/mypy-1.20.2-py3-none-any.whl", hash = "sha256:a94c5a76ab46c5e6257c7972b6c8cff0574201ca7dc05647e33e795d78680563", size = 2637314, upload-time = "2026-04-21T17:05:54.5Z" },
]

[[package]]
name = "mypy-extensions"
version = "1.0.0"
source = { registry = "https://pypi.org/simple" }
sdist = { url = "https://files.pythonhosted.org/packages/98/a4/1ab47638b92648243faf97a5aeb6ea83059cc3624972ab6b8d2316078d3f/mypy_extensions-1.0.0.tar.gz", hash = "sha256:75dbf8955dc00442a438fc4d0666508a9a97b6bd41aa2f0ffe9d2f2725af0782", size = 4433, upload-time = "2023-02-04T12:11:27.157Z" }
wheels = [
    { url = "https://files.pythonhosted.org/packages/2a/e2/5d3f6ada4297caebe1a2add3b126fe800c96f56dbe5d1988a2cbe0b267aa/mypy_extensions-1.0.0-py3-none-any.whl", hash = "sha256:4392f6c0eb8a5668a69e23d168ffa70f0be9ccfd32b5cc2d26a34ae5b844552d", size = 4695, upload-time = "2023-02-04T12:11:25.002Z" },
]

[[package]]
name = "packaging"
version = "24.1"
source = { registry = "https://pypi.org/simple" }
sdist = { url = "https://files.pythonhosted.org/packages/51/65/50db4dda066951078f0a96cf12f4b9ada6e4b811516bf0262c0f4f7064d4/packaging-24.1.tar.gz", hash = "sha256:026ed72c8ed3fcce5bf8950572258698927fd1dbda10a5e981cdf0ac37f4f002", size = 148788, upload-time = "2024-06-09T23:19:24.956Z" }
wheels = [
    { url = "https://files.pythonhosted.org/packages/08/aa/cc0199a5f0ad350994d660967a8efb233fe0416e4639146c089643407ce6/packaging-24.1-py3-none-any.whl", hash = "sha256:5b8f2217dbdbd2f7f384c41c628544e6d52f2d0f53c6d0c3ea61aa5d1d7ff124", size = 53985, upload-time = "2024-06-09T23:19:21.909Z" },
]

[[package]]
name = "pathspec"
version = "1.0.4"
source = { registry = "https://pypi.org/simple" }
sdist = { url = "https://files.pythonhosted.org/packages/fa/36/e27608899f9b8d4dff0617b2d9ab17ca5608956ca44461ac14ac48b44015/pathspec-1.0.4.tar.gz", hash = "sha256:0210e2ae8a21a9137c0d470578cb0e595af87edaa6ebf12ff176f14a02e0e645", size = 131200, upload-time = "2026-01-27T03:59:46.938Z" }
wheels = [
    { url = "https://files.pythonhosted.org/packages/ef/3c/2c197d226f9ea224a9ab8d197933f9da0ae0aac5b6e0f884e2b8d9c8e9f7/pathspec-1.0.4-py3-none-any.whl", hash = "sha256:fb6ae2fd4e7c921a165808a552060e722767cfa526f99ca5156ed2ce45a5c723", size = 55206, upload-time = "2026-01-27T03:59:45.137Z" },
]

[[package]]
name = "pluggy"
version = "1.5.0"
source = { registry = "https://pypi.org/simple" }
sdist = { url = "https://files.pythonhosted.org/packages/96/2d/02d4312c973c6050a18b314a5ad0b3210edb65a906f868e31c111dede4a6/pluggy-1.5.0.tar.gz", hash = "sha256:2cffa88e94fdc978c4c574f15f9e59b7f4201d439195c3715ca9e2486f1d0cf1", size = 67955, upload-time = "2024-04-20T21:34:42.531Z" }
wheels = [
    { url = "https://files.pythonhosted.org/packages/88/5f/e351af9a41f866ac3f1fac4ca0613908d9a41741cfcf2228f4ad853b697d/pluggy-1.5.0-py3-none-any.whl", hash = "sha256:44e1ad92c8ca002de6377e165f3e0f1be63266ab4d554740532335b9d75ea669", size = 20556, upload-time = "2024-04-20T21:34:40.434Z" },
]

[[package]]
name = "pygments"
version = "2.19.1"
source = { registry = "https://pypi.org/simple" }
sdist = { url = "https://files.pythonhosted.org/packages/7c/2d/c3338d48ea6cc0feb8446d8e6937e1408088a72a39937982cc6111d17f84/pygments-2.19.1.tar.gz", hash = "sha256:61c16d2a8576dc0649d9f39e089b5f02bcd27fba10d8fb4dcc28173f7a45151f", size = 4968581, upload-time = "2025-01-06T17:26:30.443Z" }
wheels = [
    { url = "https://files.pythonhosted.org/packages/8a/0b/9fcc47d19c48b59121088dd6da2488a49d5f72dacf8262e2790a1d2c7d15/pygments-2.19.1-py3-none-any.whl", hash = "sha256:9ea1544ad55cecf4b8242fab6dd35a93bbce657034b0611ee383099054ab6d8c", size = 1225293, upload-time = "2025-01-06T17:26:25.553Z" },
]

[[package]]
name = "pytest"
version = "9.0.3"
source = { registry = "https://pypi.org/simple" }
dependencies = [
    { name = "colorama", marker = "sys_platform == 'win32'" },
    { name = "iniconfig" },
    { name = "packaging" },
    { name = "pluggy" },
    { name = "pygments" },
]
sdist = { url = "https://files.pythonhosted.org/packages/7d/0d/549bd94f1a0a402dc8cf64563a117c0f3765662e2e668477624baeec44d5/pytest-9.0.3.tar.gz", hash = "sha256:b86ada508af81d19edeb213c681b1d48246c1a91d304c6c81a427674c17eb91c", size = 1572165, upload-time = "2026-04-07T17:16:18.027Z" }
wheels = [
    { url = "https://files.pythonhosted.org/packages/d4/24/a372aaf5c9b7208e7112038812994107bc65a84cd00e0354a88c2c77a617/pytest-9.0.3-py3-none-any.whl", hash = "sha256:2c5efc453d45394fdd706ade797c0a81091eccd1d6e4bccfcd476e2b8e0ab5d9", size = 375249, upload-time = "2026-04-07T17:16:16.13Z" },
]

[[package]]
name = "pytest-randomly"
version = "4.1.0"
source = { registry = "https://pypi.org/simple" }
dependencies = [
    { name = "pytest" },
]
sdist = { url = "https://files.pythonhosted.org/packages/27/b3/36192dacc0f470ac2cc516f73e01739c9a48a8224f76beada4f85e1c8a89/pytest_randomly-4.1.0.tar.gz", hash = "sha256:47f1d9746c3bc3efabd53ae1ebfb8bb385cf3d4df4b505b6d58d9c97a3dfe70f", size = 14302, upload-time = "2026-04-20T13:01:51.831Z" }
wheels = [
    { url = "https://files.pythonhosted.org/packages/9a/db/2df9a1fca597a273f957a559c20c2d95d629928384507b2afa43ba6909d1/pytest_randomly-4.1.0-py3-none-any.whl", hash = "sha256:f55e89e53367b090c0c053697d7f9d77595543d0e0516c93978b50c0f6b252f9", size = 8353, upload-time = "2026-04-20T13:01:50.382Z" },
]

[[package]]
name = "ruff"
version = "0.15.12"
source = { registry = "https://pypi.org/simple" }
sdist = { url = "https://files.pythonhosted.org/packages/99/43/3291f1cc9106f4c63bdce7a8d0df5047fe8422a75b091c16b5e9355e0b11/ruff-0.15.12.tar.gz", hash = "sha256:ecea26adb26b4232c0c2ca19ccbc0083a68344180bba2a600605538ce51a40a6", size = 4643852, upload-time = "2026-04-24T18:17:14.305Z" }
wheels = [
    { url = "https://files.pythonhosted.org/packages/c3/6e/e78ffb61d4686f3d96ba3df2c801161843746dcbcbb17a1e927d4829312b/ruff-0.15.12-py3-none-linux_armv6l.whl", hash = "sha256:f86f176e188e94d6bdbc09f09bfd9dc729059ad93d0e7390b5a73efe19f8861c", size = 10640713, upload-time = "2026-04-24T18:17:22.841Z" },
    { url = "https://files.pythonhosted.org/packages/ae/08/a317bc231fb9e7b93e4ef3089501e51922ff88d6936ce5cf870c4fe55419/ruff-0.15.12-py3-none-macosx_10_12_x86_64.whl", hash = "sha256:e3bcd123364c3770b8e1b7baaf343cc99a35f197c5c6e8af79015c666c423a6c", size = 11069267, upload-time = "2026-04-24T18:17:30.105Z" },
    { url = "https://files.pythonhosted.org/packages/aa/a4/f828e9718d3dce1f5f11c39c4f65afd32783c8b2aebb2e3d259e492c47bd/ruff-0.15.12-py3-none-macosx_11_0_arm64.whl", hash = "sha256:fe87510d000220aa1ed530d4448a7c696a0cae1213e5ec30e5874287b66557b5", size = 10397182, upload-time = "2026-04-24T18:17:07.177Z" },
    { url = "https://files.pythonhosted.org/packages/71/e0/3310fc6d1b5e1fdea22bf3b1b807c7e187b581021b0d7d4514cccdb5fb71/ruff-0.15.12-py3-none-manylinux_2_17_aarch64.manylinux2014_aarch64.whl", hash = "sha256:84a1630093121375a3e2a95b4a6dc7b59e2b4ee76216e32d81aae550a832d002", size = 10758012, upload-time = "2026-04-24T18:16:55.759Z" },
    { url = "https://files.pythonhosted.org/packages/11/c1/a606911aee04c324ddaa883ae418f3569792fd3c4a10c50e0dd0a2311e1e/ruff-0.15.12-py3-none-manylinux_2_17_armv7l.manylinux2014_armv7l.whl", hash = "sha256:fb129f40f114f089ebe0ca56c0d251cf2061b17651d464bb6478dc01e69f11f5", size = 10447479, upload-time = "2026-04-24T18:16:51.677Z" },
    { url = "https://files.pythonhosted.org/packages/9d/68/4201e8444f0894f21ab4aeeaee68aa4f10b51613514a20d80bd628d57e88/ruff-0.15.12-py3-none-manylinux_2_17_i686.manylinux2014_i686.whl", hash = "sha256:b0c862b172d695db7598426b8af465e7e9ac00a3ea2a3630ee67eb82e366aaa6", size = 11234040, upload-time = "2026-04-24T18:17:16.529Z" },
    { url = "https://files.pythonhosted.org/packages/34/ff/8a6d6cf4ccc23fd67060874e832c18919d1557a0611ebef03fdb01fff11e/ruff-0.15.12-py3-none-manylinux_2_17_ppc64le.manylinux2014_ppc64le.whl", hash = "sha256:2849ea9f3484c3aca43a82f484210370319e7170df4dfe4843395ddf6c57bc33", size = 12087377, upload-time = "2026-04-24T18:17:04.944Z" },
    { url = "https://files.pythonhosted.org/packages/85/f6/c669cf73f5152f623d34e69866a46d5e6185816b19fcd5b6dd8a2d299922/ruff-0.15.12-py3-none-manylinux_2_17_s390x.manylinux2014_s390x.whl", hash = "sha256:9e77c7e51c07fe396826d5969a5b846d9cd4c402535835fb6e21ce8b28fef847", size = 11367784, upload-time = "2026-04-24T18:17:25.409Z" },
    { url = "https://files.pythonhosted.org/packages/e8/39/c61d193b8a1daaa8977f7dea9e8d8ba866e02ea7b65d32f6861693aa4c12/ruff-0.15.12-py3-none-manylinux_2_17_x86_64.manylinux2014_x86_64.whl", hash = "sha256:83b2f4f2f3b1026b5fb449b467d9264bf22067b600f7b6f41fc5958909f449d0", size = 11344088, upload-time = "2026-04-24T18:17:12.258Z" },
    { url = "https://files.pythonhosted.org/packages/c2/8d/49afab3645e31e12c590acb6d3b5b69d7aab5b81926dbaf7461f9441f37a/ruff-0.15.12-py3-none-manylinux_2_31_riscv64.whl", hash = "sha256:9ba3b8f1afd7e2e43d8943e55f249e13f9682fde09711644a6e7290eb4f3e339", size = 11271770, upload-time = "2026-04-24T18:17:02.457Z" },
    { url = "https://files.pythonhosted.org/packages/46/06/33f41fe94403e2b755481cdfb9b7ef3e4e0ed031c4581124658d935d52b4/ruff-0.15.12-py3-none-musllinux_1_2_aarch64.whl", hash = "sha256:e852ba9fdc890655e1d78f2df1499efbe0e54126bd405362154a75e2bde159c5", size = 10719355, upload-time = "2026-04-24T18:17:27.648Z" },
    { url = "https://files.pythonhosted.org/packages/0d/59/18aa4e014debbf559670e4048e39260a85c7fcee84acfd761ac01e7b8d35/ruff-0.15.12-py3-none-musllinux_1_2_armv7l.whl", hash = "sha256:dd8aed930da53780d22fc70bdf84452c843cf64f8cb4eb38984319c24c5cd5fd", size = 10462758, upload-time = "2026-04-24T18:17:32.347Z" },
    { url = "https://files.pythonhosted.org/packages/25/e7/cc9f16fd0f3b5fddcbd7ec3d6ae30c8f3fde1047f32a4093a98d633c6570/ruff-0.15.12-py3-none-musllinux_1_2_i686.whl", hash = "sha256:01da3988d225628b709493d7dc67c3b9b12c0210016b08690ef9bd27970b262b", size = 10953498, upload-time = "2026-04-24T18:17:20.674Z" },
    { url = "https://files.pythonhosted.org/packages/72/7a/a9ba7f98c7a575978698f4230c5e8cc54bbc761af34f560818f933dafa0c/ruff-0.15.12-py3-none-musllinux_1_2_x86_64.whl", hash = "sha256:9cae0f92bd5700d1213188b31cd3bdd2b315361296d10b96b8e2337d3d11f53e", size = 11447765, upload-time = "2026-04-24T18:17:09.755Z" },
    { url = "https://files.pythonhosted.org/packages/ea/f9/0ae446942c846b8266059ad8a30702a35afae55f5cdc54c5adf8d7afdc27/ruff-0.15.12-py3-none-win32.whl", hash = "sha256:d0185894e038d7043ba8fd6aee7499ece6462dc0ea9f1e260c7451807c714c20", size = 10657277, upload-time = "2026-04-24T18:17:18.591Z" },
    { url = "https://files.pythonhosted.org/packages/33/f1/9614e03e1cdcbf9437570b5400ced8a720b5db22b28d8e0f1bda429f660d/ruff-0.15.12-py3-none-win_amd64.whl", hash = "sha256:c87a162d61ab3adca47c03f7f717c68672edec7d1b5499e652331780fe74950d", size = 11837758, upload-time = "2026-04-24T18:17:00.113Z" },
    { url = "https://files.pythonhosted.org/packages/c0/98/6beb4b351e472e5f4c4613f7c35a5290b8be2497e183825310c4c3a3984b/ruff-0.15.12-py3-none-win_arm64.whl", hash = "sha256:a538f7a82d061cee7be55542aca1d86d1393d55d81d4fcc314370f4340930d4f", size = 11120821, upload-time = "2026-04-24T18:16:57.979Z" },
]

[[package]]
name = "typing-extensions"
version = "4.12.2"
source = { registry = "https://pypi.org/simple" }
resolution-markers = [
    "python_full_version < '3.15'",
]
sdist = { url = "https://files.pythonhosted.org/packages/df/db/f35a00659bc03fec321ba8bce9420de607a1d37f8342eee1863174c69557/typing_extensions-4.12.2.tar.gz", hash = "sha256:1a7ead55c7e559dd4dee8856e3a88b41225abfe1ce8df57b7c13915fe121ffb8", size = 85321, upload-time = "2024-06-07T18:52:15.995Z" }
wheels = [
    { url = "https://files.pythonhosted.org/packages/26/9f/ad63fc0248c5379346306f8668cda6e2e2e9c95e01216d2b8ffd9ff037d0/typing_extensions-4.12.2-py3-none-any.whl", hash = "sha256:04e5ca0351e0f3f85c6853954072df659d0d13fac324d0072316b67d7794700d", size = 37438, upload-time = "2024-06-07T18:52:13.582Z" },
]

[[package]]
name = "typing-extensions"
version = "4.15.0"
source = { registry = "https://pypi.org/simple" }
resolution-markers = [
    "python_full_version >= '3.15'",
]
sdist = { url = "https://files.pythonhosted.org/packages/72/94/1a15dd82efb362ac84269196e94cf00f187f7ed21c242792a923cdb1c61f/typing_extensions-4.15.0.tar.gz", hash = "sha256:0cea48d173cc12fa28ecabc3b837ea3cf6f38c6d1136f85cbaaf598984861466", size = 109391, upload-time = "2025-08-25T13:49:26.313Z" }
wheels = [
    { url = "https://files.pythonhosted.org/packages/18/67/36e9267722cc04a6b9f15c7f3441c2363321a3ea07da7ae0c0707beb2a9c/typing_extensions-4.15.0-py3-none-any.whl", hash = "sha256:f0fa19c6845758ab08074a0cfa8b7aecb71c999ca73d62883bc25cc018c4e548", size = 44614, upload-time = "2025-08-25T13:49:24.86Z" },
]
